<?xml version="1.0" encoding="utf-8"?>
<Project ToolsVersion="4.0" xmlns="http://schemas.microsoft.com/developer/msbuild/2003">
  <ItemGroup>
    <Filter Include="sharpyuv">
      <UniqueIdentifier>{A76481CD-9331-DCD8-BC4A-CA80A8761167}</UniqueIdentifier>
    </Filter>
    <Filter Include="src">
      <UniqueIdentifier>{2DAB880B-99B4-887C-2230-9F7C8E38947C}</UniqueIdentifier>
    </Filter>
    <Filter Include="src\dec">
      <UniqueIdentifier>{48F62FA9-B4D5-AE44-BDED-391B294C15A6}</UniqueIdentifier>
    </Filter>
    <Filter Include="src\dsp">
      <UniqueIdentifier>{23F82FA9-8FD7-AE44-98EF-391B044E15A6}</UniqueIdentifier>
    </Filter>
    <Filter Include="src\enc">
      <UniqueIdentifier>{B2FB2FA9-1EDB-AE44-27F3-391B935115A6}</UniqueIdentifier>
    </Filter>
    <Filter Include="src\utils">
      <UniqueIdentifier>{6DAA42B6-D914-F72C-2253-A8D28EFCD481}</UniqueIdentifier>
    </Filter>
  </ItemGroup>
  <ItemGroup>
    <ClCompile Include="..\ext\libwebp\sharpyuv\sharpyuv.c">
      <Filter>sharpyuv</Filter>
    </ClCompile>
    <ClCompile Include="..\ext\libwebp\sharpyuv\sharpyuv_cpu.c">
      <Filter>sharpyuv</Filter>
    </ClCompile>
    <ClCompile Include="..\ext\libwebp\sharpyuv\sharpyuv_csp.c">
      <Filter>sharpyuv</Filter>
    </ClCompile>
    <ClCompile Include="..\ext\libwebp\sharpyuv\sharpyuv_dsp.c">
      <Filter>sharpyuv</Filter>
    </ClCompile>
    <ClCompile Include="..\ext\libwebp\sharpyuv\sharpyuv_gamma.c">
      <Filter>sharpyuv</Filter>
    </ClCompile>
    <ClCompile Include="..\ext\libwebp\sharpyuv\sharpyuv_neon.c">
      <Filter>sharpyuv</Filter>
    </ClCompile>
    <ClCompile Include="..\ext\libwebp\sharpyuv\sharpyuv_sse2.c">
      <Filter>sharpyuv</Filter>
    </ClCompile>
    <ClCompile Include="..\ext\libwebp\src\dec\alpha_dec.c">
      <Filter>src\dec</Filter>
    </ClCompile>
    <ClCompile Include="..\ext\libwebp\src\dec\buffer_dec.c">
      <Filter>src\dec</Filter>
    </ClCompile>
    <ClCompile Include="..\ext\libwebp\src\dec\frame_dec.c">
      <Filter>src\dec</Filter>
    </ClCompile>
    <ClCompile Include="..\ext\libwebp\src\dec\idec_dec.c">
      <Filter>src\dec</Filter>
    </ClCompile>
    <ClCompile Include="..\ext\libwebp\src\dec\io_dec.c">
      <Filter>src\dec</Filter>
    </ClCompile>
    <ClCompile Include="..\ext\libwebp\src\dec\quant_dec.c">
      <Filter>src\dec</Filter>
    </ClCompile>
    <ClCompile Include="..\ext\libwebp\src\dec\tree_dec.c">
      <Filter>src\dec</Filter>
    </ClCompile>
    <ClCompile Include="..\ext\libwebp\src\dec\vp8_dec.c">
      <Filter>src\dec</Filter>
    </ClCompile>
    <ClCompile Include="..\ext\libwebp\src\dec\vp8l_dec.c">
      <Filter>src\dec</Filter>
    </ClCompile>
    <ClCompile Include="..\ext\libwebp\src\dec\webp_dec.c">
      <Filter>src\dec</Filter>
    </ClCompile>
    <ClCompile Include="..\ext\libwebp\src\dsp\alpha_processing.c">
      <Filter>src\dsp</Filter>
    </ClCompile>
    <ClCompile Include="..\ext\libwebp\src\dsp\alpha_processing_neon.c">
      <Filter>src\dsp</Filter>
    </ClCompile>
    <ClCompile Include="..\ext\libwebp\src\dsp\alpha_processing_sse2.c">
      <Filter>src\dsp</Filter>
    </ClCompile>
    <ClCompile Include="..\ext\libwebp\src\dsp\alpha_processing_sse41.c">
      <Filter>src\dsp</Filter>
    </ClCompile>
    <ClCompile Include="..\ext\libwebp\src\dsp\cost.c">
      <Filter>src\dsp</Filter>
    </ClCompile>
    <ClCompile Include="..\ext\libwebp\src\dsp\cost_neon.c">
      <Filter>src\dsp</Filter>
    </ClCompile>
    <ClCompile Include="..\ext\libwebp\src\dsp\cost_sse2.c">
      <Filter>src\dsp</Filter>
    </ClCompile>
    <ClCompile Include="..\ext\libwebp\src\dsp\cpu.c">
      <Filter>src\dsp</Filter>
    </ClCompile>
    <ClCompile Include="..\ext\libwebp\src\dsp\dec.c">
      <Filter>src\dsp</Filter>
    </ClCompile>
    <ClCompile Include="..\ext\libwebp\src\dsp\dec_clip_tables.c">
      <Filter>src\dsp</Filter>
    </ClCompile>
    <ClCompile Include="..\ext\libwebp\src\dsp\dec_neon.c">
      <Filter>src\dsp</Filter>
    </ClCompile>
    <ClCompile Include="..\ext\libwebp\src\dsp\dec_sse2.c">
      <Filter>src\dsp</Filter>
    </ClCompile>
    <ClCompile Include="..\ext\libwebp\src\dsp\dec_sse41.c">
      <Filter>src\dsp</Filter>
    </ClCompile>
    <ClCompile Include="..\ext\libwebp\src\dsp\enc.c">
      <Filter>src\dsp</Filter>
    </ClCompile>
    <ClCompile Include="..\ext\libwebp\src\dsp\enc_neon.c">
      <Filter>src\dsp</Filter>
    </ClCompile>
    <ClCompile Include="..\ext\libwebp\src\dsp\enc_sse2.c">
      <Filter>src\dsp</Filter>
    </ClCompile>
    <ClCompile Include="..\ext\libwebp\src\dsp\enc_sse41.c">
      <Filter>src\dsp</Filter>
    </ClCompile>
    <ClCompile Include="..\ext\libwebp\src\dsp\filters.c">
      <Filter>src\dsp</Filter>
    </ClCompile>
    <ClCompile Include="..\ext\libwebp\src\dsp\filters_neon.c">
      <Filter>src\dsp</Filter>
    </ClCompile>
    <ClCompile Include="..\ext\libwebp\src\dsp\filters_sse2.c">
      <Filter>src\dsp</Filter>
    </ClCompile>
    <ClCompile Include="..\ext\libwebp\src\dsp\lossless.c">
      <Filter>src\dsp</Filter>
    </ClCompile>
    <ClCompile Include="..\ext\libwebp\src\dsp\lossless_avx2.c">
      <Filter>src\dsp</Filter>
    </ClCompile>
    <ClCompile Include="..\ext\libwebp\src\dsp\lossless_enc.c">
      <Filter>src\dsp</Filter>
    </ClCompile>
    <ClCompile Include="..\ext\libwebp\src\dsp\lossless_enc_avx2.c">
      <Filter>src\dsp</Filter>
    </ClCompile>
    <ClCompile Include="..\ext\libwebp\src\dsp\lossless_enc_neon.c">
      <Filter>src\dsp</Filter>
    </ClCompile>
    <ClCompile Include="..\ext\libwebp\src\dsp\lossless_enc_sse2.c">
      <Filter>src\dsp</Filter>
    </ClCompile>
    <ClCompile Include="..\ext\libwebp\src\dsp\lossless_enc_sse41.c">
      <Filter>src\dsp</Filter>
    </ClCompile>
    <ClCompile Include="..\ext\libwebp\src\dsp\lossless_neon.c">
      <Filter>src\dsp</Filter>
    </ClCompile>
    <ClCompile Include="..\ext\libwebp\src\dsp\lossless_sse2.c">
      <Filter>src\dsp</Filter>
    </ClCompile>
    <ClCompile Include="..\ext\libwebp\src\dsp\lossless_sse41.c">
      <Filter>src\dsp</Filter>
    </ClCompile>
    <ClCompile Include="..\ext\libwebp\src\dsp\rescaler.c">
      <Filter>src\dsp</Filter>
    </ClCompile>
    <ClCompile Include="..\ext\libwebp\src\dsp\rescaler_neon.c">
      <Filter>src\dsp</Filter>
    </ClCompile>
    <ClCompile Include="..\ext\libwebp\src\dsp\rescaler_sse2.c">
      <Filter>src\dsp</Filter>
    </ClCompile>
    <ClCompile Include="..\ext\libwebp\src\dsp\ssim.c">
      <Filter>src\dsp</Filter>
    </ClCompile>
    <ClCompile Include="..\ext\libwebp\src\dsp\ssim_sse2.c">
      <Filter>src\dsp</Filter>
    </ClCompile>
    <ClCompile Include="..\ext\libwebp\src\dsp\upsampling.c">
      <Filter>src\dsp</Filter>
    </ClCompile>
    <ClCompile Include="..\ext\libwebp\src\dsp\upsampling_neon.c">
      <Filter>src\dsp</Filter>
    </ClCompile>
    <ClCompile Include="..\ext\libwebp\src\dsp\upsampling_sse2.c">
      <Filter>src\dsp</Filter>
    </ClCompile>
    <ClCompile Include="..\ext\libwebp\src\dsp\upsampling_sse41.c">
      <Filter>src\dsp</Filter>
    </ClCompile>
    <ClCompile Include="..\ext\libwebp\src\dsp\yuv.c">
      <Filter>src\dsp</Filter>
    </ClCompile>
    <ClCompile Include="..\ext\libwebp\src\dsp\yuv_neon.c">
      <Filter>src\dsp</Filter>
    </ClCompile>
    <ClCompile Include="..\ext\libwebp\src\dsp\yuv_sse2.c">
      <Filter>src\dsp</Filter>
    </ClCompile>
    <ClCompile Include="..\ext\libwebp\src\dsp\yuv_sse41.c">
      <Filter>src\dsp</Filter>
    </ClCompile>
    <ClCompile Include="..\ext\libwebp\src\enc\alpha_enc.c">
      <Filter>src\enc</Filter>
    </ClCompile>
    <ClCompile Include="..\ext\libwebp\src\enc\analysis_enc.c">
      <Filter>src\enc</Filter>
    </ClCompile>
    <ClCompile Include="..\ext\libwebp\src\enc\backward_references_cost_enc.c">
      <Filter>src\enc</Filter>
    </ClCompile>
    <ClCompile Include="..\ext\libwebp\src\enc\backward_references_enc.c">
      <Filter>src\enc</Filter>
    </ClCompile>
    <ClCompile Include="..\ext\libwebp\src\enc\config_enc.c">
      <Filter>src\enc</Filter>
    </ClCompile>
    <ClCompile Include="..\ext\libwebp\src\enc\cost_enc.c">
      <Filter>src\enc</Filter>
    </ClCompile>
    <ClCompile Include="..\ext\libwebp\src\enc\filter_enc.c">
      <Filter>src\enc</Filter>
    </ClCompile>
    <ClCompile Include="..\ext\libwebp\src\enc\frame_enc.c">
      <Filter>src\enc</Filter>
    </ClCompile>
    <ClCompile Include="..\ext\libwebp\src\enc\histogram_enc.c">
      <Filter>src\enc</Filter>
    </ClCompile>
    <ClCompile Include="..\ext\libwebp\src\enc\iterator_enc.c">
      <Filter>src\enc</Filter>
    </ClCompile>
    <ClCompile Include="..\ext\libwebp\src\enc\near_lossless_enc.c">
      <Filter>src\enc</Filter>
    </ClCompile>
    <ClCompile Include="..\ext\libwebp\src\enc\picture_csp_enc.c">
      <Filter>src\enc</Filter>
    </ClCompile>
    <ClCompile Include="..\ext\libwebp\src\enc\picture_enc.c">
      <Filter>src\enc</Filter>
    </ClCompile>
    <ClCompile Include="..\ext\libwebp\src\enc\picture_psnr_enc.c">
      <Filter>src\enc</Filter>
    </ClCompile>
    <ClCompile Include="..\ext\libwebp\src\enc\picture_rescale_enc.c">
      <Filter>src\enc</Filter>
    </ClCompile>
    <ClCompile Include="..\ext\libwebp\src\enc\picture_tools_enc.c">
      <Filter>src\enc</Filter>
    </ClCompile>
    <ClCompile Include="..\ext\libwebp\src\enc\predictor_enc.c">
      <Filter>src\enc</Filter>
    </ClCompile>
    <ClCompile Include="..\ext\libwebp\src\enc\quant_enc.c">
      <Filter>src\enc</Filter>
    </ClCompile>
    <ClCompile Include="..\ext\libwebp\src\enc\syntax_enc.c">
      <Filter>src\enc</Filter>
    </ClCompile>
    <ClCompile Include="..\ext\libwebp\src\enc\token_enc.c">
      <Filter>src\enc</Filter>
    </ClCompile>
    <ClCompile Include="..\ext\libwebp\src\enc\tree_enc.c">
      <Filter>src\enc</Filter>
    </ClCompile>
    <ClCompile Include="..\ext\libwebp\src\enc\vp8l_enc.c">
      <Filter>src\enc</Filter>
    </ClCompile>
    <ClCompile Include="..\ext\libwebp\src\enc\webp_enc.c">
      <Filter>src\enc</Filter>
    </ClCompile>
    <ClCompile Include="..\ext\libwebp\src\utils\bit_reader_utils.c">
      <Filter>src\utils</Filter>
    </ClCompile>
    <ClCompile Include="..\ext\libwebp\src\utils\bit_writer_utils.c">
      <Filter>src\utils</Filter>
    </ClCompile>
    <ClCompile Include="..\ext\libwebp\src\utils\color_cache_utils.c">
      <Filter>src\utils</Filter>
    </ClCompile>
    <ClCompile Include="..\ext\libwebp\src\utils\filters_utils.c">
      <Filter>src\utils</Filter>
    </ClCompile>
    <ClCompile Include="..\ext\libwebp\src\utils\huffman_encode_utils.c">
      <Filter>src\utils</Filter>
    </ClCompile>
    <ClCompile Include="..\ext\libwebp\src\utils\huffman_utils.c">
      <Filter>src\utils</Filter>
    </ClCompile>
    <ClCompile Include="..\ext\libwebp\src\utils\palette.c">
      <Filter>src\utils</Filter>
    </ClCompile>
    <ClCompile Include="..\ext\libwebp\src\utils\quant_levels_dec_utils.c">
      <Filter>src\utils</Filter>
    </ClCompile>
    <ClCompile Include="..\ext\libwebp\src\utils\quant_levels_utils.c">
      <Filter>src\utils</Filter>
    </ClCompile>
    <ClCompile Include="..\ext\libwebp\src\utils\random_utils.c">
      <Filter>src\utils</Filter>
    </ClCompile>
    <ClCompile Include="..\ext\libwebp\src\utils\rescaler_utils.c">
      <Filter>src\utils</Filter>
    </ClCompile>
    <ClCompile Include="..\ext\libwebp\src\utils\thread_utils.c">
      <Filter>src\utils</Filter>
    </ClCompile>
    <ClCompile Include="..\ext\libwebp\src\utils\utils.c">
      <Filter>src\utils</Filter>
    </ClCompile>
  </ItemGroup>
</Project>